
Microsoft Visual Studio Solution File, Format Version 12.00
# Visual Studio Version 17
VisualStudioVersion = 17.2.32519.379
MinimumVisualStudioVersion = 10.0.40219.1
Project("{FAE04EC0-301F-11D3-BF4B-00C04F79EFBC}") = "PaymentAPI", "PaymentAPI\PaymentAPI.csproj", "{3ECC1819-BFA1-42FB-B8E3-9C960EA796DF}"
EndProject
Global
	GlobalSection(SolutionConfigurationPlatforms) = preSolution
		Debug|Any CPU = Debug|Any CPU
		Release|Any CPU = Release|Any CPU
	EndGlobalSection
	GlobalSection(ProjectConfigurationPlatforms) = postSolution
		{3ECC1819-BFA1-42FB-B8E3-9C960EA796DF}.Debug|Any CPU.ActiveCfg = Debug|Any CPU
		{3ECC1819-BFA1-42FB-B8E3-9C960EA796DF}.Debug|Any CPU.Build.0 = Debug|Any CPU
		{3ECC1819-BFA1-42FB-B8E3-9C960EA796DF}.Release|Any CPU.ActiveCfg = Release|Any CPU
		{3ECC1819-BFA1-42FB-B8E3-9C960EA796DF}.Release|Any CPU.Build.0 = Release|Any CPU
	EndGlobalSection
	GlobalSection(SolutionProperties) = preSolution
		HideSolutionNode = FALSE
	EndGlobalSection
	GlobalSection(ExtensibilityGlobals) = postSolution
		SolutionGuid = {91028C7E-A4C5-49D0-9135-0148FA57B337}
	EndGlobalSection
EndGlobal
