
Microsoft Visual Studio Solution File, Format Version 12.00
# Visual Studio Version 17
VisualStudioVersion = 17.2.32519.379
MinimumVisualStudioVersion = 10.0.40219.1
Project("{FAE04EC0-301F-11D3-BF4B-00C04F79EFBC}") = "WebApiDemo", "WebApiDemo\WebApiDemo.csproj", "{56D13F25-088B-4725-B52D-1C9C14E6349D}"
EndProject
Global
	GlobalSection(SolutionConfigurationPlatforms) = preSolution
		Debug|Any CPU = Debug|Any CPU
		Release|Any CPU = Release|Any CPU
	EndGlobalSection
	GlobalSection(ProjectConfigurationPlatforms) = postSolution
		{56D13F25-088B-4725-B52D-1C9C14E6349D}.Debug|Any CPU.ActiveCfg = Debug|Any CPU
		{56D13F25-088B-4725-B52D-1C9C14E6349D}.Debug|Any CPU.Build.0 = Debug|Any CPU
		{56D13F25-088B-4725-B52D-1C9C14E6349D}.Release|Any CPU.ActiveCfg = Release|Any CPU
		{56D13F25-088B-4725-B52D-1C9C14E6349D}.Release|Any CPU.Build.0 = Release|Any CPU
	EndGlobalSection
	GlobalSection(SolutionProperties) = preSolution
		HideSolutionNode = FALSE
	EndGlobalSection
	GlobalSection(ExtensibilityGlobals) = postSolution
		SolutionGuid = {5601C545-8581-4A8B-8C06-ABFB7F6522F8}
	EndGlobalSection
EndGlobal
